
Microsoft Visual Studio Solution File, Format Version 12.00
# Visual Studio Version 17
VisualStudioVersion = 17.7.34031.279
MinimumVisualStudioVersion = 10.0.40219.1
Project("{9A19103F-16F7-4668-BE54-9A1E7A4F7556}") = "PRODUCT API APP", "PRODUCT API APP\PRODUCT API APP.csproj", "{EE2D3ED6-2BE6-418F-8065-AAB9F44501B2}"
EndProject
Project("{FAE04EC0-301F-11D3-BF4B-00C04F79EFBC}") = "product api testcases.test", "product api testcases.test\product api testcases.test.csproj", "{68ECD71D-A855-4089-B6A9-05CBCEDDF3B7}"
EndProject
Global
	GlobalSection(SolutionConfigurationPlatforms) = preSolution
		Debug|Any CPU = Debug|Any CPU
		Release|Any CPU = Release|Any CPU
	EndGlobalSection
	GlobalSection(ProjectConfigurationPlatforms) = postSolution
		{EE2D3ED6-2BE6-418F-8065-AAB9F44501B2}.Debug|Any CPU.ActiveCfg = Debug|Any CPU
		{EE2D3ED6-2BE6-418F-8065-AAB9F44501B2}.Debug|Any CPU.Build.0 = Debug|Any CPU
		{EE2D3ED6-2BE6-418F-8065-AAB9F44501B2}.Release|Any CPU.ActiveCfg = Release|Any CPU
		{EE2D3ED6-2BE6-418F-8065-AAB9F44501B2}.Release|Any CPU.Build.0 = Release|Any CPU
		{68ECD71D-A855-4089-B6A9-05CBCEDDF3B7}.Debug|Any CPU.ActiveCfg = Debug|Any CPU
		{68ECD71D-A855-4089-B6A9-05CBCEDDF3B7}.Debug|Any CPU.Build.0 = Debug|Any CPU
		{68ECD71D-A855-4089-B6A9-05CBCEDDF3B7}.Release|Any CPU.ActiveCfg = Release|Any CPU
		{68ECD71D-A855-4089-B6A9-05CBCEDDF3B7}.Release|Any CPU.Build.0 = Release|Any CPU
	EndGlobalSection
	GlobalSection(SolutionProperties) = preSolution
		HideSolutionNode = FALSE
	EndGlobalSection
	GlobalSection(ExtensibilityGlobals) = postSolution
		SolutionGuid = {8023A4E6-F1B8-4AF2-BA0B-86E351116049}
	EndGlobalSection
EndGlobal
